
Microsoft Visual Studio Solution File, Format Version 12.00
# Visual Studio Version 17
VisualStudioVersion = 17.14.36203.30 d17.14
MinimumVisualStudioVersion = 10.0.40219.1
Project("{FAE04EC0-301F-11D3-BF4B-00C04F79EFBC}") = "FunctionApp1", "FunctionApp1\FunctionApp1.csproj", "{2F863C1B-B3F5-4E8E-AE3D-9F224A0762DD}"
EndProject
Global
	GlobalSection(SolutionConfigurationPlatforms) = preSolution
		Debug|Any CPU = Debug|Any CPU
		Release|Any CPU = Release|Any CPU
	EndGlobalSection
	GlobalSection(ProjectConfigurationPlatforms) = postSolution
		{2F863C1B-B3F5-4E8E-AE3D-9F224A0762DD}.Debug|Any CPU.ActiveCfg = Debug|Any CPU
		{2F863C1B-B3F5-4E8E-AE3D-9F224A0762DD}.Debug|Any CPU.Build.0 = Debug|Any CPU
		{2F863C1B-B3F5-4E8E-AE3D-9F224A0762DD}.Release|Any CPU.ActiveCfg = Release|Any CPU
		{2F863C1B-B3F5-4E8E-AE3D-9F224A0762DD}.Release|Any CPU.Build.0 = Release|Any CPU
	EndGlobalSection
	GlobalSection(SolutionProperties) = preSolution
		HideSolutionNode = FALSE
	EndGlobalSection
	GlobalSection(ExtensibilityGlobals) = postSolution
		SolutionGuid = {1A6D6434-8288-460E-9139-6DAA26692C32}
	EndGlobalSection
EndGlobal
